github.com/IBM/sarama v1.43.3 h1:wHLnJm1gMDkQtPyW5fYQ4KZZWcX6Wlz7x8l3oKNLkI=
github.com/IBM/sarama v1.43.3/go.mod h1:pF1rLLc1B5k5eepIABaIIyQFLZk/gJEYi2G3GyAzFM=
github.com/alecthomas/kingpin/v2 v2.4.0 h1:f48FQcYvnz2u9ke1spwHfR/oRta/Z5KUMMessIGemlA=
github.com/alecthomas/kingpin/v2 v2.4.0/go.mod h1:0gF9cHtV65C3400caiMy1O37cClhSVGX0AirSrT+nY=
github.com/lib/pq v1.10.9 h1:YXG7RB+JIjhP29X+OtkiDntkbtS7tlu7KSJ+CJ6UKc=
github.com/lib/pq v1.10.9/go.mod h1:AlVSvxxm+IQLkxKevqIjVZ5aLhIjwqvisqLaEQc1GE=
github.com/alecthomas/units v0.0.0-20211218093645-b94a6e3cc137 h1:s6gZFSlWYmbqAuRjVTiNNhvNRfY2Wxp9nhfyel4rklc=
github.com/alecthomas/units v0.0.0-20211218093645-b94a6e3cc137/go.mod h1:OMCwj8VM7DsCEkQEQgCZzIvKjWxKG/rfNByGqyduDA=
github.com/davecgh/go-spew v1.1.1 h1:vj9j/u1bqnvCEfJOwUhtlOARqs3+rkHB8X9959JvUY=
github.com/davecgh/go-spew v1.1.1/go.mod h1:J7Y8YcW2NihsgmVo/mv3lAwl/skON4iLHjSsI+c5H7=
github.com/eapache/go-resiliency v1.3.0 h1:RRL0nge+cysHQG19musZmaQtWyxr3Uc+lLu/2MwUMg=
github.com/eapache/go-resiliency v1.3.0/go.mod h1:gD2HeocX+mZ7xH6XmJRR66c3/XvqsNugsXiKfkD9+I=
github.com/eapache/go-xerial-snappy v0.0.0-20230731223053-c322873962e3 h1:Oy0yoga8conQkj+O8gheorghKEMOKf/dcIukwja91Q5Q=
github.com/eapache/go-xerial-snappy v0.0.0-20230731223053-c322873962e3/go.mod h1:q0N6UF4rMX5SEIZoLrn2BroWQ56B86GPFYL9ptXW60=
github.com/eapache/queue v1.1.0 h1:YOEu7KNc61ntiQlcEss5Z8zDqcoJ0P4ExYc9D0EVG8=
github.com/eapache/queue v1.1.0/go.mod h1:9SklA3B6J097lauyMiOU/+gCpdBSYAJNks41oi2KEU=
github.com/golang/snappy v0.0.4 h1:yAGX7huGHdGcRQfXV+lWLqDZDK2JDP46exkXj5x0qo=
github.com/golang/snappy v0.0.4/go.mod h1:/XxbfmMg8lxSeL+5Q1GDjRC2hTw2dpsIaxNZyCqxL4=
github.com/google/go-cmp v0.6.0 h1:ofyhxvXcZhMsNmJcSvCwQnEmsVFc62qrwxunKpQVFU=
github.com/google/go-cmp v0.6.0/go.mod h1:17dUlkBOakJ0+DkrSSNNcoshL0EF5ShlybakutHx7o=
github.com/hashicorp/errwrap v1.1.0 h1:OxrOeh00Gj1XRNfVKym8Mzlf+qpLx7xfn13xsLroG0=
github.com/hashicorp/errwrap v1.1.0/go.mod h1:SpkAmDvW5WMorqserDA5TUNTDmP9J40V6YZizsxJmJ0=
github.com/hashicorp/go-multierror v1.1.1 h1:H5DkEtf6CXcIlmYExV5JYWKIuNrPrrwlJotSNAiJIU=
github.com/hashicorp/go-multierror v1.1.1/go.mod h1:iw975J/qwKCQOZfgfAoLltJ/QuJyYE+l/qCwainGbQ=
github.com/hashicorp/go-uuid v1.0.3 h1:2gKiV6RVWisZZigLruceKstpF4dTwwS0NcUQqm5y13o=
github.com/hashicorp/go-uuid v1.0.3/go.mod h1:6SBZvOh+AIME+VrgNjKkNg4FBUNuMDRZ7NZ9V0KF4=
github.com/jcmturner/aescts/v2 v2.0.0 h1:9YKLH6ey7H4eDBXW8khjYslgyqG2xZikXP0EQyY45o=
github.com/jcmturner/aescts/v2 v2.0.0/go.mod h1:AiaICIRyfYg35RUkzRuPzQOiBmF9I4aMnjJ94=
github.com/jcmturner/dnsutils/v2 v2.0.0 h1:lltnkeZAI0EEC0TB34pImvVERP0THtQapplied5/EdYc=
github.com/jcmturner/dnsutils/v2 v2.0.0/go.mod h1:b0TnjFAg+rkXrnzoRLhrPYJ/XglsTT+fWOrN3AlOEQ=
github.com/jcmturner/gofork v1.7.6 h1:QH6lSLlQksV8ZYpBQ7vomZWML8Of+mwYW4yfpaDO/E=
github.com/jcmturner/gofork v1.7.6/go.mod h1:rlwvL7IH2jYtaspPDAPw5THQvp501q3pZQkn3XjCqw=
github.com/jcmturner/gokrb5/v8 v8.4.4 h1:x1Sv4HItKLEidQmXD0QCqqqq3OiPORPW+ggkAqEsQY=
github.com/jcmturner/gokrb5/v8 v8.4.4/go.mod h1:1btQEpgT6k+unzCwFSMsWtn5ogQlqwanbCsPqaHdNo=
github.com/jcmturner/rpc/v2 v2.0.3 h1:7FXXj8jlwHOD4YPAPkS3eYJbqF3MQ4ZPrNk5OewC7g=
github.com/jcmturner/rpc/v2 v2.0.3/go.mod h1:VUJYCIDm3PVOEHw8sesKoiL7bUtdkWoEla9v2p3D6U=
github.com/klauspost/compress v1.17.4 h1:j6QPVZ4J31QFS4kgyGq+I+djpY50OS3jqCEWYy+zS0=
github.com/klauspost/compress v1.17.4/go.mod h1:/dCuZOvVtNoUJSKh4LmoLLe32CNveg4wnil2yW5BVU=
github.com/pierrec/lz4/v4 v4.1.18 h1:xaKrnTkyoqfh1YItXl56+6FCStY2w+dYecLAecSCsQ=
github.com/pierrec/lz4/v4 v4.1.18/go.mod h1:gZWDp/Ze+FfmQkDMoHGA4dLzH8Z3q7SlOL8SKP6QJA=
github.com/rcrowley/go-metrics v0.0.0-20201227073835-cf1acfcdf475 h1:N/ElC7qqf/szOyXXZfVxjjZQLF3FRSUzrQSEiNjVJI=
github.com/rcrowley/go-metrics v0.0.0-20201227073835-cf1acfcdf475/go.mod h1:bCqnVzQkZxMG4s8nG6QvneaF5h+3R1VLutCj8IbE8=
github.com/xdg-go/pbkdf2 v1.0.0 h1:Su7DPu48wXMwC3bs7MCIL0qta0DqFxsRY4u51JVb8g=
github.com/xdg-go/pbkdf2 v1.0.0/go.mod h1:jrpuAogTqrDA8NSyYAcHF/z41hZZRoVaqq1mwB1nWE=
github.com/xdg-go/scram v1.1.2 h1:RAX2o2AvjvQQvo2n2CsxHXc/6tRO1Z38d1sAG8GXjo=
github.com/xdg-go/scram v1.1.2/go.mod h1:RT/sEzKX7ADMTweasnBsqwOJx+b5vMK2MgrtLXQePQ=
github.com/xdg-go/stringprep v1.0.4 h1:XLI/Ng3O1Tz+DRDtPFQWJkT+bgMRDnUGP6D4xZyz0=
github.com/xdg-go/stringprep v1.0.4/go.mod h1:mPGuuIYwKRjXzCqFGjF2CvlELJ8mTRDH8De2tWBRD8=
golang.org/x/crypto v0.17.0 h1:bnNvFrvAlAHJMHHx0YRAwqH6+wOjVGcKIMbkArT5Ng=
golang.org/x/crypto v0.17.0/go.mod h1:gCAAfMLgwOJRpqjZxvrYQe14CWIjqWBItxtiVDDsp4=
golang.org/x/net v0.17.0 h1:XsgZBvxsnIl0AIJe9/DLsfaBL+SAc201tacLW6VV0I=
golang.org/x/net v0.17.0/go.mod h1:NxSsAGuq816PNPmqY+8bN0rQe1h+3XZcEVMrwmd+J0=
golang.org/x/sync v0.4.0 h1:zxkM55ReWVDu3cci+eNRpL2CVIlUORQ9U+lRjVc0L0=
golang.org/x/sync v0.4.0/go.mod h1:4L3GJqHM5O5eKZNkl/K9h7ZHFLsE/dNPRdT0hvS0w=
golang.org/x/text v0.13.0 h1:ablQoSUd0tRdKxZTOXSq+gO6fqJZVN1u/FKzIFJ4+A=
golang.org/x/text v0.13.0/go.mod h1:TvPlkZnkSTMmZ+gHhKXbQ+lstnK56XNwAGNYOzL01I=
